
Microsoft Visual Studio Solution File, Format Version 12.00
# Visual Studio Version 17
VisualStudioVersion = 17.4.33213.308
MinimumVisualStudioVersion = 10.0.40219.1
Project("{FAE04EC0-301F-11D3-BF4B-00C04F79EFBC}") = "ImagineRITGame", "ImagineRITGame.csproj", "{03B655EE-3CDF-4B25-BA2D-9DCDCB8B5773}"
EndProject
Global
	GlobalSection(SolutionConfigurationPlatforms) = preSolution
		Debug|Any CPU = Debug|Any CPU
		Release|Any CPU = Release|Any CPU
	EndGlobalSection
	GlobalSection(ProjectConfigurationPlatforms) = postSolution
		{03B655EE-3CDF-4B25-BA2D-9DCDCB8B5773}.Debug|Any CPU.ActiveCfg = Debug|Any CPU
		{03B655EE-3CDF-4B25-BA2D-9DCDCB8B5773}.Debug|Any CPU.Build.0 = Debug|Any CPU
		{03B655EE-3CDF-4B25-BA2D-9DCDCB8B5773}.Release|Any CPU.ActiveCfg = Release|Any CPU
		{03B655EE-3CDF-4B25-BA2D-9DCDCB8B5773}.Release|Any CPU.Build.0 = Release|Any CPU
	EndGlobalSection
	GlobalSection(SolutionProperties) = preSolution
		HideSolutionNode = FALSE
	EndGlobalSection
	GlobalSection(ExtensibilityGlobals) = postSolution
		SolutionGuid = {6D15E8E8-83A9-43A0-ADB3-06AB80954E7D}
	EndGlobalSection
EndGlobal
